
Microsoft Visual Studio Solution File, Format Version 12.00
# Visual Studio Version 17
VisualStudioVersion = 17.14.36811.4 d17.14
MinimumVisualStudioVersion = 10.0.40219.1
Project("{FAE04EC0-301F-11D3-BF4B-00C04F79EFBC}") = "Lesson8Part2Ex1", "Lesson8Part2Ex1.csproj", "{FD32C551-1F09-4E2E-8A5C-256CE72DF4BF}"
EndProject
Global
	GlobalSection(SolutionConfigurationPlatforms) = preSolution
		Debug|Any CPU = Debug|Any CPU
		Release|Any CPU = Release|Any CPU
	EndGlobalSection
	GlobalSection(ProjectConfigurationPlatforms) = postSolution
		{FD32C551-1F09-4E2E-8A5C-256CE72DF4BF}.Debug|Any CPU.ActiveCfg = Debug|Any CPU
		{FD32C551-1F09-4E2E-8A5C-256CE72DF4BF}.Debug|Any CPU.Build.0 = Debug|Any CPU
		{FD32C551-1F09-4E2E-8A5C-256CE72DF4BF}.Release|Any CPU.ActiveCfg = Release|Any CPU
		{FD32C551-1F09-4E2E-8A5C-256CE72DF4BF}.Release|Any CPU.Build.0 = Release|Any CPU
	EndGlobalSection
	GlobalSection(SolutionProperties) = preSolution
		HideSolutionNode = FALSE
	EndGlobalSection
	GlobalSection(ExtensibilityGlobals) = postSolution
		SolutionGuid = {ECB3E4ED-ED01-41AC-B443-3E1891DF9014}
	EndGlobalSection
EndGlobal
